// !$*UTF8*$!
{
	archiveVersion = 1;
	classes = {
	};
	objectVersion = 46;
	objects = {

/* Begin PBXBuildFile section */
		D849490C18FDA2860097BC88 /* Foundation.framework in Frameworks */ = {isa = PBXBuildFile; fileRef = D849490B18FDA2860097BC88 /* Foundation.framework */; };
		D849490E18FDA2860097BC88 /* CoreGraphics.framework in Frameworks */ = {isa = PBXBuildFile; fileRef = D849490D18FDA2860097BC88 /* CoreGraphics.framework */; };
		D849491018FDA2860097BC88 /* UIKit.framework in Frameworks */ = {isa = PBXBuildFile; fileRef = D849490F18FDA2860097BC88 /* UIKit.framework */; };
		D849491618FDA2860097BC88 /* InfoPlist.strings in Resources */ = {isa = PBXBuildFile; fileRef = D849491418FDA2860097BC88 /* InfoPlist.strings */; };
		D849491818FDA2860097BC88 /* main.m in Sources */ = {isa = PBXBuildFile; fileRef = D849491718FDA2860097BC88 /* main.m */; };
		D849491C18FDA2860097BC88 /* NNAppDelegate.m in Sources */ = {isa = PBXBuildFile; fileRef = D849491B18FDA2860097BC88 /* NNAppDelegate.m */; };
		D849491F18FDA2860097BC88 /* Main.storyboard in Resources */ = {isa = PBXBuildFile; fileRef = D849491D18FDA2860097BC88 /* Main.storyboard */; };
		D849492218FDA2860097BC88 /* NNViewController.m in Sources */ = {isa = PBXBuildFile; fileRef = D849492118FDA2860097BC88 /* NNViewController.m */; };
		D849492418FDA2860097BC88 /* Images.xcassets in Resources */ = {isa = PBXBuildFile; fileRef = D849492318FDA2860097BC88 /* Images.xcassets */; };
		D849492B18FDA2860097BC88 /* XCTest.framework in Frameworks */ = {isa = PBXBuildFile; fileRef = D849492A18FDA2860097BC88 /* XCTest.framework */; };
		D849492C18FDA2860097BC88 /* Foundation.framework in Frameworks */ = {isa = PBXBuildFile; fileRef = D849490B18FDA2860097BC88 /* Foundation.framework */; };
		D849492D18FDA2860097BC88 /* UIKit.framework in Frameworks */ = {isa = PBXBuildFile; fileRef = D849490F18FDA2860097BC88 /* UIKit.framework */; };
		D849493518FDA2860097BC88 /* InfoPlist.strings in Resources */ = {isa = PBXBuildFile; fileRef = D849493318FDA2860097BC88 /* InfoPlist.strings */; };
		D849493718FDA2860097BC88 /* UITableViewController_Challenge_SolutionTests.m in Sources */ = {isa = PBXBuildFile; fileRef = D849493618FDA2860097BC88 /* UITableViewController_Challenge_SolutionTests.m */; };
		D849494218FDA4770097BC88 /* NNTableViewController.m in Sources */ = {isa = PBXBuildFile; fileRef = D849494118FDA4770097BC88 /* NNTableViewController.m */; };
/* End PBXBuildFile section */

/* Begin PBXContainerItemProxy section */
		D849492E18FDA2860097BC88 /* PBXContainerItemProxy */ = {
			isa = PBXContainerItemProxy;
			containerPortal = D849490018FDA2860097BC88 /* Project object */;
			proxyType = 1;
			remoteGlobalIDString = D849490718FDA2860097BC88;
			remoteInfo = "UITableViewController Challenge Solution";
		};
/* End PBXContainerItemProxy section */

/* Begin PBXFileReference section */
		D849490818FDA2860097BC88 /* UITableViewController Challenge Solution.app */ = {isa = PBXFileReference; explicitFileType = wrapper.application; includeInIndex = 0; path = "UITableViewController Challenge Solution.app"; sourceTree = BUILT_PRODUCTS_DIR; };
		D849490B18FDA2860097BC88 /* Foundation.framework */ = {isa = PBXFileReference; lastKnownFileType = wrapper.framework; name = Foundation.framework; path = System/Library/Frameworks/Foundation.framework; sourceTree = SDKROOT; };
		D849490D18FDA2860097BC88 /* CoreGraphics.framework */ = {isa = PBXFileReference; lastKnownFileType = wrapper.framework; name = CoreGraphics.framework; path = System/Library/Frameworks/CoreGraphics.framework; sourceTree = SDKROOT; };
		D849490F18FDA2860097BC88 /* UIKit.framework */ = {isa = PBXFileReference; lastKnownFileType = wrapper.framework; name = UIKit.framework; path = System/Library/Frameworks/UIKit.framework; sourceTree = SDKROOT; };
		D849491318FDA2860097BC88 /* UITableViewController Challenge Solution-Info.plist */ = {isa = PBXFileReference; lastKnownFileType = text.plist.xml; path = "UITableViewController Challenge Solution-Info.plist"; sourceTree = "<group>"; };
		D849491518FDA2860097BC88 /* en */ = {isa = PBXFileReference; lastKnownFileType = text.plist.strings; name = en; path = en.lproj/InfoPlist.strings; sourceTree = "<group>"; };
		D849491718FDA2860097BC88 /* main.m */ = {isa = PBXFileReference; lastKnownFileType = sourcecode.c.objc; path = main.m; sourceTree = "<group>"; };
		D849491918FDA2860097BC88 /* UITableViewController Challenge Solution-Prefix.pch */ = {isa = PBXFileReference; lastKnownFileType = sourcecode.c.h; path = "UITableViewController Challenge Solution-Prefix.pch"; sourceTree = "<group>"; };
		D849491A18FDA2860097BC88 /* NNAppDelegate.h */ = {isa = PBXFileReference; lastKnownFileType = sourcecode.c.h; path = NNAppDelegate.h; sourceTree = "<group>"; };
		D849491B18FDA2860097BC88 /* NNAppDelegate.m */ = {isa = PBXFileReference; lastKnownFileType = sourcecode.c.objc; path = NNAppDelegate.m; sourceTree = "<group>"; };
		D849491E18FDA2860097BC88 /* Base */ = {isa = PBXFileReference; lastKnownFileType = file.storyboard; name = Base; path = Base.lproj/Main.storyboard; sourceTree = "<group>"; };
		D849492018FDA2860097BC88 /* NNViewController.h */ = {isa = PBXFileReference; lastKnownFileType = sourcecode.c.h; path = NNViewController.h; sourceTree = "<group>"; };
		D849492118FDA2860097BC88 /* NNViewController.m */ = {isa = PBXFileReference; lastKnownFileType = sourcecode.c.objc; path = NNViewController.m; sourceTree = "<group>"; };
		D849492318FDA2860097BC88 /* Images.xcassets */ = {isa = PBXFileReference; lastKnownFileType = folder.assetcatalog; path = Images.xcassets; sourceTree = "<group>"; };
		D849492918FDA2860097BC88 /* UITableViewController Challenge SolutionTests.xctest */ = {isa = PBXFileReference; explicitFileType = wrapper.cfbundle; includeInIndex = 0; path = "UITableViewController Challenge SolutionTests.xctest"; sourceTree = BUILT_PRODUCTS_DIR; };
		D849492A18FDA2860097BC88 /* XCTest.framework */ = {isa = PBXFileReference; lastKnownFileType = wrapper.framework; name = XCTest.framework; path = Library/Frameworks/XCTest.framework; sourceTree = DEVELOPER_DIR; };
		D849493218FDA2860097BC88 /* UITableViewController Challenge SolutionTests-Info.plist */ = {isa = PBXFileReference; lastKnownFileType = text.plist.xml; path = "UITableViewController Challenge SolutionTests-Info.plist"; sourceTree = "<group>"; };
		D849493418FDA2860097BC88 /* en */ = {isa = PBXFileReference; lastKnownFileType = text.plist.strings; name = en; path = en.lproj/InfoPlist.strings; sourceTree = "<group>"; };
		D849493618FDA2860097BC88 /* UITableViewController_Challenge_SolutionTests.m */ = {isa = PBXFileReference; lastKnownFileType = sourcecode.c.objc; path = UITableViewController_Challenge_SolutionTests.m; sourceTree = "<group>"; };
		D849494018FDA4770097BC88 /* NNTableViewController.h */ = {isa = PBXFileReference; fileEncoding = 4; lastKnownFileType = sourcecode.c.h; path = NNTableViewController.h; sourceTree = "<group>"; };
		D849494118FDA4770097BC88 /* NNTableViewController.m */ = {isa = PBXFileReference; fileEncoding = 4; lastKnownFileType = sourcecode.c.objc; path = NNTableViewController.m; sourceTree = "<group>"; };
/* End PBXFileReference section */

/* Begin PBXFrameworksBuildPhase section */
		D849490518FDA2860097BC88 /* Frameworks */ = {
			isa = PBXFrameworksBuildPhase;
			buildActionMask = 2147483647;
			files = (
				D849490E18FDA2860097BC88 /* CoreGraphics.framework in Frameworks */,
				D849491018FDA2860097BC88 /* UIKit.framework in Frameworks */,
				D849490C18FDA2860097BC88 /* Foundation.framework in Frameworks */,
			);
			runOnlyForDeploymentPostprocessing = 0;
		};
		D849492618FDA2860097BC88 /* Frameworks */ = {
			isa = PBXFrameworksBuildPhase;
			buildActionMask = 2147483647;
			files = (
				D849492B18FDA2860097BC88 /* XCTest.framework in Frameworks */,
				D849492D18FDA2860097BC88 /* UIKit.framework in Frameworks */,
				D849492C18FDA2860097BC88 /* Foundation.framework in Frameworks */,
			);
			runOnlyForDeploymentPostprocessing = 0;
		};
/* End PBXFrameworksBuildPhase section */

/* Begin PBXGroup section */
		D84948FF18FDA2860097BC88 = {
			isa = PBXGroup;
			children = (
				D849491118FDA2860097BC88 /* UITableViewController Challenge Solution */,
				D849493018FDA2860097BC88 /* UITableViewController Challenge SolutionTests */,
				D849490A18FDA2860097BC88 /* Frameworks */,
				D849490918FDA2860097BC88 /* Products */,
			);
			sourceTree = "<group>";
		};
		D849490918FDA2860097BC88 /* Products */ = {
			isa = PBXGroup;
			children = (
				D849490818FDA2860097BC88 /* UITableViewController Challenge Solution.app */,
				D849492918FDA2860097BC88 /* UITableViewController Challenge SolutionTests.xctest */,
			);
			name = Products;
			sourceTree = "<group>";
		};
		D849490A18FDA2860097BC88 /* Frameworks */ = {
			isa = PBXGroup;
			children = (
				D849490B18FDA2860097BC88 /* Foundation.framework */,
				D849490D18FDA2860097BC88 /* CoreGraphics.framework */,
				D849490F18FDA2860097BC88 /* UIKit.framework */,
				D849492A18FDA2860097BC88 /* XCTest.framework */,
			);
			name = Frameworks;
			sourceTree = "<group>";
		};
		D849491118FDA2860097BC88 /* UITableViewController Challenge Solution */ = {
			isa = PBXGroup;
			children = (
				D849491A18FDA2860097BC88 /* NNAppDelegate.h */,
				D849491B18FDA2860097BC88 /* NNAppDelegate.m */,
				D849491D18FDA2860097BC88 /* Main.storyboard */,
				D849492018FDA2860097BC88 /* NNViewController.h */,
				D849492118FDA2860097BC88 /* NNViewController.m */,
				D849494018FDA4770097BC88 /* NNTableViewController.h */,
				D849494118FDA4770097BC88 /* NNTableViewController.m */,
				D849492318FDA2860097BC88 /* Images.xcassets */,
				D849491218FDA2860097BC88 /* Supporting Files */,
			);
			path = "UITableViewController Challenge Solution";
			sourceTree = "<group>";
		};
		D849491218FDA2860097BC88 /* Supporting Files */ = {
			isa = PBXGroup;
			children = (
				D849491318FDA2860097BC88 /* UITableViewController Challenge Solution-Info.plist */,
				D849491418FDA2860097BC88 /* InfoPlist.strings */,
				D849491718FDA2860097BC88 /* main.m */,
				D849491918FDA2860097BC88 /* UITableViewController Challenge Solution-Prefix.pch */,
			);
			name = "Supporting Files";
			sourceTree = "<group>";
		};
		D849493018FDA2860097BC88 /* UITableViewController Challenge SolutionTests */ = {
			isa = PBXGroup;
			children = (
				D849493618FDA2860097BC88 /* UITableViewController_Challenge_SolutionTests.m */,
				D849493118FDA2860097BC88 /* Supporting Files */,
			);
			path = "UITableViewController Challenge SolutionTests";
			sourceTree = "<group>";
		};
		D849493118FDA2860097BC88 /* Supporting Files */ = {
			isa = PBXGroup;
			children = (
				D849493218FDA2860097BC88 /* UITableViewController Challenge SolutionTests-Info.plist */,
				D849493318FDA2860097BC88 /* InfoPlist.strings */,
			);
			name = "Supporting Files";
			sourceTree = "<group>";
		};
/* End PBXGroup section */

/* Begin PBXNativeTarget section */
		D849490718FDA2860097BC88 /* UITableViewController Challenge Solution */ = {
			isa = PBXNativeTarget;
			buildConfigurationList = D849493A18FDA2860097BC88 /* Build configuration list for PBXNativeTarget "UITableViewController Challenge Solution" */;
			buildPhases = (
				D849490418FDA2860097BC88 /* Sources */,
				D849490518FDA2860097BC88 /* Frameworks */,
				D849490618FDA2860097BC88 /* Resources */,
			);
			buildRules = (
			);
			dependencies = (
			);
			name = "UITableViewController Challenge Solution";
			productName = "UITableViewController Challenge Solution";
			productReference = D849490818FDA2860097BC88 /* UITableViewController Challenge Solution.app */;
			productType = "com.apple.product-type.application";
		};
		D849492818FDA2860097BC88 /* UITableViewController Challenge SolutionTests */ = {
			isa = PBXNativeTarget;
			buildConfigurationList = D849493D18FDA2860097BC88 /* Build configuration list for PBXNativeTarget "UITableViewController Challenge SolutionTests" */;
			buildPhases = (
				D849492518FDA2860097BC88 /* Sources */,
				D849492618FDA2860097BC88 /* Frameworks */,
				D849492718FDA2860097BC88 /* Resources */,
			);
			buildRules = (
			);
			dependencies = (
				D849492F18FDA2860097BC88 /* PBXTargetDependency */,
			);
			name = "UITableViewController Challenge SolutionTests";
			productName = "UITableViewController Challenge SolutionTests";
			productReference = D849492918FDA2860097BC88 /* UITableViewController Challenge SolutionTests.xctest */;
			productType = "com.apple.product-type.bundle.unit-test";
		};
/* End PBXNativeTarget section */

/* Begin PBXProject section */
		D849490018FDA2860097BC88 /* Project object */ = {
			isa = PBXProject;
			attributes = {
				CLASSPREFIX = NN;
				LastUpgradeCheck = 0510;
				ORGANIZATIONNAME = nigmia;
				TargetAttributes = {
					D849492818FDA2860097BC88 = {
						TestTargetID = D849490718FDA2860097BC88;
					};
				};
			};
			buildConfigurationList = D849490318FDA2860097BC88 /* Build configuration list for PBXProject "UITableViewController Challenge Solution" */;
			compatibilityVersion = "Xcode 3.2";
			developmentRegion = English;
			hasScannedForEncodings = 0;
			knownRegions = (
				en,
				Base,
			);
			mainGroup = D84948FF18FDA2860097BC88;
			productRefGroup = D849490918FDA2860097BC88 /* Products */;
			projectDirPath = "";
			projectRoot = "";
			targets = (
				D849490718FDA2860097BC88 /* UITableViewController Challenge Solution */,
				D849492818FDA2860097BC88 /* UITableViewController Challenge SolutionTests */,
			);
		};
/* End PBXProject section */

/* Begin PBXResourcesBuildPhase section */
		D849490618FDA2860097BC88 /* Resources */ = {
			isa = PBXResourcesBuildPhase;
			buildActionMask = 2147483647;
			files = (
				D849492418FDA2860097BC88 /* Images.xcassets in Resources */,
				D849491618FDA2860097BC88 /* InfoPlist.strings in Resources */,
				D849491F18FDA2860097BC88 /* Main.storyboard in Resources */,
			);
			runOnlyForDeploymentPostprocessing = 0;
		};
		D849492718FDA2860097BC88 /* Resources */ = {
			isa = PBXResourcesBuildPhase;
			buildActionMask = 2147483647;
			files = (
				D849493518FDA2860097BC88 /* InfoPlist.strings in Resources */,
			);
			runOnlyForDeploymentPostprocessing = 0;
		};
/* End PBXResourcesBuildPhase section */

/* Begin PBXSourcesBuildPhase section */
		D849490418FDA2860097BC88 /* Sources */ = {
			isa = PBXSourcesBuildPhase;
			buildActionMask = 2147483647;
			files = (
				D849492218FDA2860097BC88 /* NNViewController.m in Sources */,
				D849494218FDA4770097BC88 /* NNTableViewController.m in Sources */,
				D849491C18FDA2860097BC88 /* NNAppDelegate.m in Sources */,
				D849491818FDA2860097BC88 /* main.m in Sources */,
			);
			runOnlyForDeploymentPostprocessing = 0;
		};
		D849492518FDA2860097BC88 /* Sources */ = {
			isa = PBXSourcesBuildPhase;
			buildActionMask = 2147483647;
			files = (
				D849493718FDA2860097BC88 /* UITableViewController_Challenge_SolutionTests.m in Sources */,
			);
			runOnlyForDeploymentPostprocessing = 0;
		};
/* End PBXSourcesBuildPhase section */

/* Begin PBXTargetDependency section */
		D849492F18FDA2860097BC88 /* PBXTargetDependency */ = {
			isa = PBXTargetDependency;
			target = D849490718FDA2860097BC88 /* UITableViewController Challenge Solution */;
			targetProxy = D849492E18FDA2860097BC88 /* PBXContainerItemProxy */;
		};
/* End PBXTargetDependency section */

/* Begin PBXVariantGroup section */
		D849491418FDA2860097BC88 /* InfoPlist.strings */ = {
			isa = PBXVariantGroup;
			children = (
				D849491518FDA2860097BC88 /* en */,
			);
			name = InfoPlist.strings;
			sourceTree = "<group>";
		};
		D849491D18FDA2860097BC88 /* Main.storyboard */ = {
			isa = PBXVariantGroup;
			children = (
				D849491E18FDA2860097BC88 /* Base */,
			);
			name = Main.storyboard;
			sourceTree = "<group>";
		};
		D849493318FDA2860097BC88 /* InfoPlist.strings */ = {
			isa = PBXVariantGroup;
			children = (
				D849493418FDA2860097BC88 /* en */,
			);
			name = InfoPlist.strings;
			sourceTree = "<group>";
		};
/* End PBXVariantGroup section */

/* Begin XCBuildConfiguration section */
		D849493818FDA2860097BC88 /* Debug */ = {
			isa = XCBuildConfiguration;
			buildSettings = {
				ALWAYS_SEARCH_USER_PATHS = NO;
				CLANG_CXX_LANGUAGE_STANDARD = "gnu++0x";
				CLANG_CXX_LIBRARY = "libc++";
				CLANG_ENABLE_MODULES = YES;
				CLANG_ENABLE_OBJC_ARC = YES;
				CLANG_WARN_BOOL_CONVERSION = YES;
				CLANG_WARN_CONSTANT_CONVERSION = YES;
				CLANG_WARN_DIRECT_OBJC_ISA_USAGE = YES_ERROR;
				CLANG_WARN_EMPTY_BODY = YES;
				CLANG_WARN_ENUM_CONVERSION = YES;
				CLANG_WARN_INT_CONVERSION = YES;
				CLANG_WARN_OBJC_ROOT_CLASS = YES_ERROR;
				CLANG_WARN__DUPLICATE_METHOD_MATCH = YES;
				"CODE_SIGN_IDENTITY[sdk=iphoneos*]" = "iPhone Developer";
				COPY_PHASE_STRIP = NO;
				GCC_C_LANGUAGE_STANDARD = gnu99;
				GCC_DYNAMIC_NO_PIC = NO;
				GCC_OPTIMIZATION_LEVEL = 0;
				GCC_PREPROCESSOR_DEFINITIONS = (
					"DEBUG=1",
					"$(inherited)",
				);
				GCC_SYMBOLS_PRIVATE_EXTERN = NO;
				GCC_WARN_64_TO_32_BIT_CONVERSION = YES;
				GCC_WARN_ABOUT_RETURN_TYPE = YES_ERROR;
				GCC_WARN_UNDECLARED_SELECTOR = YES;
				GCC_WARN_UNINITIALIZED_AUTOS = YES_AGGRESSIVE;
				GCC_WARN_UNUSED_FUNCTION = YES;
				GCC_WARN_UNUSED_VARIABLE = YES;
				IPHONEOS_DEPLOYMENT_TARGET = 7.1;
				ONLY_ACTIVE_ARCH = YES;
				SDKROOT = iphoneos;
			};
			name = Debug;
		};
		D849493918FDA2860097BC88 /* Release */ = {
			isa = XCBuildConfiguration;
			buildSettings = {
				ALWAYS_SEARCH_USER_PATHS = NO;
				CLANG_CXX_LANGUAGE_STANDARD = "gnu++0x";
				CLANG_CXX_LIBRARY = "libc++";
				CLANG_ENABLE_MODULES = YES;
				CLANG_ENABLE_OBJC_ARC = YES;
				CLANG_WARN_BOOL_CONVERSION = YES;
				CLANG_WARN_CONSTANT_CONVERSION = YES;
				CLANG_WARN_DIRECT_OBJC_ISA_USAGE = YES_ERROR;
				CLANG_WARN_EMPTY_BODY = YES;
				CLANG_WARN_ENUM_CONVERSION = YES;
				CLANG_WARN_INT_CONVERSION = YES;
				CLANG_WARN_OBJC_ROOT_CLASS = YES_ERROR;
				CLANG_WARN__DUPLICATE_METHOD_MATCH = YES;
				"CODE_SIGN_IDENTITY[sdk=iphoneos*]" = "iPhone Developer";
				COPY_PHASE_STRIP = YES;
				ENABLE_NS_ASSERTIONS = NO;
				GCC_C_LANGUAGE_STANDARD = gnu99;
				GCC_WARN_64_TO_32_BIT_CONVERSION = YES;
				GCC_WARN_ABOUT_RETURN_TYPE = YES_ERROR;
				GCC_WARN_UNDECLARED_SELECTOR = YES;
				GCC_WARN_UNINITIALIZED_AUTOS = YES_AGGRESSIVE;
				GCC_WARN_UNUSED_FUNCTION = YES;
				GCC_WARN_UNUSED_VARIABLE = YES;
				IPHONEOS_DEPLOYMENT_TARGET = 7.1;
				SDKROOT = iphoneos;
				VALIDATE_PRODUCT = YES;
			};
			name = Release;
		};
		D849493B18FDA2860097BC88 /* Debug */ = {
			isa = XCBuildConfiguration;
			buildSettings = {
				ASSETCATALOG_COMPILER_APPICON_NAME = AppIcon;
				ASSETCATALOG_COMPILER_LAUNCHIMAGE_NAME = LaunchImage;
				GCC_PRECOMPILE_PREFIX_HEADER = YES;
				GCC_PREFIX_HEADER = "UITableViewController Challenge Solution/UITableViewController Challenge Solution-Prefix.pch";
				INFOPLIST_FILE = "UITableViewController Challenge Solution/UITableViewController Challenge Solution-Info.plist";
				PRODUCT_NAME = "$(TARGET_NAME)";
				WRAPPER_EXTENSION = app;
			};
			name = Debug;
		};
		D849493C18FDA2860097BC88 /* Release */ = {
			isa = XCBuildConfiguration;
			buildSettings = {
				ASSETCATALOG_COMPILER_APPICON_NAME = AppIcon;
				ASSETCATALOG_COMPILER_LAUNCHIMAGE_NAME = LaunchImage;
				GCC_PRECOMPILE_PREFIX_HEADER = YES;
				GCC_PREFIX_HEADER = "UITableViewController Challenge Solution/UITableViewController Challenge Solution-Prefix.pch";
				INFOPLIST_FILE = "UITableViewController Challenge Solution/UITableViewController Challenge Solution-Info.plist";
				PRODUCT_NAME = "$(TARGET_NAME)";
				WRAPPER_EXTENSION = app;
			};
			name = Release;
		};
		D849493E18FDA2860097BC88 /* Debug */ = {
			isa = XCBuildConfiguration;
			buildSettings = {
				BUNDLE_LOADER = "$(BUILT_PRODUCTS_DIR)/UITableViewController Challenge Solution.app/UITableViewController Challenge Solution";
				FRAMEWORK_SEARCH_PATHS = (
					"$(SDKROOT)/Developer/Library/Frameworks",
					"$(inherited)",
					"$(DEVELOPER_FRAMEWORKS_DIR)",
				);
				GCC_PRECOMPILE_PREFIX_HEADER = YES;
				GCC_PREFIX_HEADER = "UITableViewController Challenge Solution/UITableViewController Challenge Solution-Prefix.pch";
				GCC_PREPROCESSOR_DEFINITIONS = (
					"DEBUG=1",
					"$(inherited)",
				);
				INFOPLIST_FILE = "UITableViewController Challenge SolutionTests/UITableViewController Challenge SolutionTests-Info.plist";
				PRODUCT_NAME = "$(TARGET_NAME)";
				TEST_HOST = "$(BUNDLE_LOADER)";
				WRAPPER_EXTENSION = xctest;
			};
			name = Debug;
		};
		D849493F18FDA2860097BC88 /* Release */ = {
			isa = XCBuildConfiguration;
			buildSettings = {
				BUNDLE_LOADER = "$(BUILT_PRODUCTS_DIR)/UITableViewController Challenge Solution.app/UITableViewController Challenge Solution";
				FRAMEWORK_SEARCH_PATHS = (
					"$(SDKROOT)/Developer/Library/Frameworks",
					"$(inherited)",
					"$(DEVELOPER_FRAMEWORKS_DIR)",
				);
				GCC_PRECOMPILE_PREFIX_HEADER = YES;
				GCC_PREFIX_HEADER = "UITableViewController Challenge Solution/UITableViewController Challenge Solution-Prefix.pch";
				INFOPLIST_FILE = "UITableViewController Challenge SolutionTests/UITableViewController Challenge SolutionTests-Info.plist";
				PRODUCT_NAME = "$(TARGET_NAME)";
				TEST_HOST = "$(BUNDLE_LOADER)";
				WRAPPER_EXTENSION = xctest;
			};
			name = Release;
		};
/* End XCBuildConfiguration section */

/* Begin XCConfigurationList section */
		D849490318FDA2860097BC88 /* Build configuration list for PBXProject "UITableViewController Challenge Solution" */ = {
			isa = XCConfigurationList;
			buildConfigurations = (
				D849493818FDA2860097BC88 /* Debug */,
				D849493918FDA2860097BC88 /* Release */,
			);
			defaultConfigurationIsVisible = 0;
			defaultConfigurationName = Release;
		};
		D849493A18FDA2860097BC88 /* Build configuration list for PBXNativeTarget "UITableViewController Challenge Solution" */ = {
			isa = XCConfigurationList;
			buildConfigurations = (
				D849493B18FDA2860097BC88 /* Debug */,
				D849493C18FDA2860097BC88 /* Release */,
			);
			defaultConfigurationIsVisible = 0;
		};
		D849493D18FDA2860097BC88 /* Build configuration list for PBXNativeTarget "UITableViewController Challenge SolutionTests" */ = {
			isa = XCConfigurationList;
			buildConfigurations = (
				D849493E18FDA2860097BC88 /* Debug */,
				D849493F18FDA2860097BC88 /* Release */,
			);
			defaultConfigurationIsVisible = 0;
		};
/* End XCConfigurationList section */
	};
	rootObject = D849490018FDA2860097BC88 /* Project object */;
}
